
Microsoft Visual Studio Solution File, Format Version 12.00
# Visual Studio Version 17
Project("{2150E333-8FDC-42A3-9474-1A3956D46DE8}") = "Tools", "Tools", "{DD376B17-49ED-E30C-D2E1-DDE33E96DA10}"
EndProject
Project("{8BC9CEB8-8B4A-11D0-8D11-00A0C91BC942}") = "CoCo", "CoCo\CoCo.vcxproj", "{29AE837C-15E5-840D-BED1-6A10AAE7000F}"
EndProject
Project("{2150E333-8FDC-42A3-9474-1A3956D46DE8}") = "Core", "Core", "{15A0C35D-0158-05AB-6A5F-DE065636A09B}"
EndProject
Project("{8BC9CEB8-8B4A-11D0-8D11-00A0C91BC942}") = "ChocoGL", "ChocoGL\ChocoGL.vcxproj", "{64D0E623-D0AF-65BF-D9C7-F0954526CC20}"
EndProject
Project("{FAE04EC0-301F-11D3-BF4B-00C04F79EFBC}") = "ChocoGL-ScriptCore", "ChocoGL-ScriptCore\ChocoGL-ScriptCore.csproj", "{4F247DA5-3B08-3EFB-A468-384E906B287D}"
EndProject
Project("{2150E333-8FDC-42A3-9474-1A3956D46DE8}") = "Dependencies", "Dependencies", "{53E47842-3FC8-3998-A828-34EB942B241A}"
EndProject
Project("{8BC9CEB8-8B4A-11D0-8D11-00A0C91BC942}") = "GLFW", "ChocoGL\vendor\GLFW\GLFW.vcxproj", "{154B857C-0182-860D-AA6E-6C109684020F}"
EndProject
Project("{8BC9CEB8-8B4A-11D0-8D11-00A0C91BC942}") = "Glad", "ChocoGL\vendor\Glad\Glad.vcxproj", "{BDD6857C-A90D-870D-52FA-6C103E10030F}"
EndProject
Project("{8BC9CEB8-8B4A-11D0-8D11-00A0C91BC942}") = "ImGui", "ChocoGL\vendor\imgui\ImGui.vcxproj", "{C0FF640D-2C14-8DBE-F595-301E616989EF}"
EndProject
Project("{2150E333-8FDC-42A3-9474-1A3956D46DE8}") = "Examples", "Examples", "{CBC3873E-B791-7B44-A025-EC6A8C9257A9}"
EndProject
Project("{FAE04EC0-301F-11D3-BF4B-00C04F79EFBC}") = "ExampleApp", "ExampleApp\ExampleApp.csproj", "{921F763F-7ED7-B78C-E7DE-90E8D3B5527D}"
EndProject
Global
	GlobalSection(SolutionConfigurationPlatforms) = preSolution
		Debug|x64 = Debug|x64
		Dist|x64 = Dist|x64
		Release|x64 = Release|x64
	EndGlobalSection
	GlobalSection(ProjectConfigurationPlatforms) = postSolution
		{29AE837C-15E5-840D-BED1-6A10AAE7000F}.Debug|x64.ActiveCfg = Debug|x64
		{29AE837C-15E5-840D-BED1-6A10AAE7000F}.Debug|x64.Build.0 = Debug|x64
		{29AE837C-15E5-840D-BED1-6A10AAE7000F}.Dist|x64.ActiveCfg = Dist|x64
		{29AE837C-15E5-840D-BED1-6A10AAE7000F}.Dist|x64.Build.0 = Dist|x64
		{29AE837C-15E5-840D-BED1-6A10AAE7000F}.Release|x64.ActiveCfg = Release|x64
		{29AE837C-15E5-840D-BED1-6A10AAE7000F}.Release|x64.Build.0 = Release|x64
		{64D0E623-D0AF-65BF-D9C7-F0954526CC20}.Debug|x64.ActiveCfg = Debug|x64
		{64D0E623-D0AF-65BF-D9C7-F0954526CC20}.Debug|x64.Build.0 = Debug|x64
		{64D0E623-D0AF-65BF-D9C7-F0954526CC20}.Dist|x64.ActiveCfg = Dist|x64
		{64D0E623-D0AF-65BF-D9C7-F0954526CC20}.Dist|x64.Build.0 = Dist|x64
		{64D0E623-D0AF-65BF-D9C7-F0954526CC20}.Release|x64.ActiveCfg = Release|x64
		{64D0E623-D0AF-65BF-D9C7-F0954526CC20}.Release|x64.Build.0 = Release|x64
		{4F247DA5-3B08-3EFB-A468-384E906B287D}.Debug|x64.ActiveCfg = Debug|x64
		{4F247DA5-3B08-3EFB-A468-384E906B287D}.Debug|x64.Build.0 = Debug|x64
		{4F247DA5-3B08-3EFB-A468-384E906B287D}.Dist|x64.ActiveCfg = Dist|x64
		{4F247DA5-3B08-3EFB-A468-384E906B287D}.Dist|x64.Build.0 = Dist|x64
		{4F247DA5-3B08-3EFB-A468-384E906B287D}.Release|x64.ActiveCfg = Release|x64
		{4F247DA5-3B08-3EFB-A468-384E906B287D}.Release|x64.Build.0 = Release|x64
		{154B857C-0182-860D-AA6E-6C109684020F}.Debug|x64.ActiveCfg = Debug|x64
		{154B857C-0182-860D-AA6E-6C109684020F}.Debug|x64.Build.0 = Debug|x64
		{154B857C-0182-860D-AA6E-6C109684020F}.Dist|x64.ActiveCfg = Dist|x64
		{154B857C-0182-860D-AA6E-6C109684020F}.Dist|x64.Build.0 = Dist|x64
		{154B857C-0182-860D-AA6E-6C109684020F}.Release|x64.ActiveCfg = Release|x64
		{154B857C-0182-860D-AA6E-6C109684020F}.Release|x64.Build.0 = Release|x64
		{BDD6857C-A90D-870D-52FA-6C103E10030F}.Debug|x64.ActiveCfg = Debug|x64
		{BDD6857C-A90D-870D-52FA-6C103E10030F}.Debug|x64.Build.0 = Debug|x64
		{BDD6857C-A90D-870D-52FA-6C103E10030F}.Dist|x64.ActiveCfg = Dist|x64
		{BDD6857C-A90D-870D-52FA-6C103E10030F}.Dist|x64.Build.0 = Dist|x64
		{BDD6857C-A90D-870D-52FA-6C103E10030F}.Release|x64.ActiveCfg = Release|x64
		{BDD6857C-A90D-870D-52FA-6C103E10030F}.Release|x64.Build.0 = Release|x64
		{C0FF640D-2C14-8DBE-F595-301E616989EF}.Debug|x64.ActiveCfg = Debug|x64
		{C0FF640D-2C14-8DBE-F595-301E616989EF}.Debug|x64.Build.0 = Debug|x64
		{C0FF640D-2C14-8DBE-F595-301E616989EF}.Dist|x64.ActiveCfg = Dist|x64
		{C0FF640D-2C14-8DBE-F595-301E616989EF}.Dist|x64.Build.0 = Dist|x64
		{C0FF640D-2C14-8DBE-F595-301E616989EF}.Release|x64.ActiveCfg = Release|x64
		{C0FF640D-2C14-8DBE-F595-301E616989EF}.Release|x64.Build.0 = Release|x64
		{921F763F-7ED7-B78C-E7DE-90E8D3B5527D}.Debug|x64.ActiveCfg = Debug|x64
		{921F763F-7ED7-B78C-E7DE-90E8D3B5527D}.Debug|x64.Build.0 = Debug|x64
		{921F763F-7ED7-B78C-E7DE-90E8D3B5527D}.Dist|x64.ActiveCfg = Dist|x64
		{921F763F-7ED7-B78C-E7DE-90E8D3B5527D}.Dist|x64.Build.0 = Dist|x64
		{921F763F-7ED7-B78C-E7DE-90E8D3B5527D}.Release|x64.ActiveCfg = Release|x64
		{921F763F-7ED7-B78C-E7DE-90E8D3B5527D}.Release|x64.Build.0 = Release|x64
	EndGlobalSection
	GlobalSection(SolutionProperties) = preSolution
		HideSolutionNode = FALSE
	EndGlobalSection
	GlobalSection(NestedProjects) = preSolution
		{29AE837C-15E5-840D-BED1-6A10AAE7000F} = {DD376B17-49ED-E30C-D2E1-DDE33E96DA10}
		{64D0E623-D0AF-65BF-D9C7-F0954526CC20} = {15A0C35D-0158-05AB-6A5F-DE065636A09B}
		{4F247DA5-3B08-3EFB-A468-384E906B287D} = {15A0C35D-0158-05AB-6A5F-DE065636A09B}
		{154B857C-0182-860D-AA6E-6C109684020F} = {53E47842-3FC8-3998-A828-34EB942B241A}
		{BDD6857C-A90D-870D-52FA-6C103E10030F} = {53E47842-3FC8-3998-A828-34EB942B241A}
		{C0FF640D-2C14-8DBE-F595-301E616989EF} = {53E47842-3FC8-3998-A828-34EB942B241A}
		{921F763F-7ED7-B78C-E7DE-90E8D3B5527D} = {CBC3873E-B791-7B44-A025-EC6A8C9257A9}
	EndGlobalSection
EndGlobal
