
Microsoft Visual Studio Solution File, Format Version 12.00
# Visual Studio Version 17
VisualStudioVersion = 17.2.32630.192
MinimumVisualStudioVersion = 10.0.40219.1
Project("{8BC9CEB8-8B4A-11D0-8D11-00A0C91BC942}") = "ChocoGL", "ChocoGL\ChocoGL.vcxproj", "{EB46CFCF-603A-487B-9C83-D8F3D29533B4}"
EndProject
Project("{8BC9CEB8-8B4A-11D0-8D11-00A0C91BC942}") = "Sandbox", "Sandbox\Sandbox.vcxproj", "{958FDE15-D47D-4E6E-93EE-BA1B5B24BCD3}"
EndProject
Global
	GlobalSection(SolutionConfigurationPlatforms) = preSolution
		Debug|x64 = Debug|x64
		Release|x64 = Release|x64
	EndGlobalSection
	GlobalSection(ProjectConfigurationPlatforms) = postSolution
		{EB46CFCF-603A-487B-9C83-D8F3D29533B4}.Debug|x64.ActiveCfg = Debug|x64
		{EB46CFCF-603A-487B-9C83-D8F3D29533B4}.Debug|x64.Build.0 = Debug|x64
		{EB46CFCF-603A-487B-9C83-D8F3D29533B4}.Release|x64.ActiveCfg = Release|x64
		{EB46CFCF-603A-487B-9C83-D8F3D29533B4}.Release|x64.Build.0 = Release|x64
		{958FDE15-D47D-4E6E-93EE-BA1B5B24BCD3}.Debug|x64.ActiveCfg = Debug|x64
		{958FDE15-D47D-4E6E-93EE-BA1B5B24BCD3}.Debug|x64.Build.0 = Debug|x64
		{958FDE15-D47D-4E6E-93EE-BA1B5B24BCD3}.Release|x64.ActiveCfg = Release|x64
		{958FDE15-D47D-4E6E-93EE-BA1B5B24BCD3}.Release|x64.Build.0 = Release|x64
	EndGlobalSection
	GlobalSection(SolutionProperties) = preSolution
		HideSolutionNode = FALSE
	EndGlobalSection
	GlobalSection(ExtensibilityGlobals) = postSolution
		SolutionGuid = {9CEDB365-0117-46FD-AB89-3AD82331105C}
	EndGlobalSection
EndGlobal
