<?xml version="1.0" encoding="utf-8"?>
<Project ToolsVersion="4.0" xmlns="http://schemas.microsoft.com/developer/msbuild/2003">
  <ItemGroup>
    <Filter Include="src">
      <UniqueIdentifier>{2DAB880B-99B4-887C-2230-9F7C8E38947C}</UniqueIdentifier>
    </Filter>
    <Filter Include="src\ChocoGL">
      <UniqueIdentifier>{7BD0202D-E785-9922-707A-93F9DC2E9026}</UniqueIdentifier>
    </Filter>
    <Filter Include="src\ChocoGL\Core">
      <UniqueIdentifier>{B37986B4-9F72-A506-C8A4-8A8BB4FC8412}</UniqueIdentifier>
    </Filter>
    <Filter Include="src\ChocoGL\Core\Events">
      <UniqueIdentifier>{37DEE1BC-A315-2A54-AC1F-8E7718D6504D}</UniqueIdentifier>
    </Filter>
    <Filter Include="src\ChocoGL\Core\Math">
      <UniqueIdentifier>{6CE6835D-D852-3F58-A146-D7B50D7261C0}</UniqueIdentifier>
    </Filter>
    <Filter Include="src\ChocoGL\Editor">
      <UniqueIdentifier>{5155EAF3-3D39-AB49-A699-A59C929C95CB}</UniqueIdentifier>
    </Filter>
    <Filter Include="src\ChocoGL\Imgui">
      <UniqueIdentifier>{05FEC045-7114-BFDB-BA8B-4AFD26E18F63}</UniqueIdentifier>
    </Filter>
    <Filter Include="src\ChocoGL\Renderer">
      <UniqueIdentifier>{81CEA9EE-6D5D-33B8-167C-47B302EA435E}</UniqueIdentifier>
    </Filter>
    <Filter Include="src\ChocoGL\Scene">
      <UniqueIdentifier>{D86D7046-4484-6EDC-8DFB-F9FDF9503F64}</UniqueIdentifier>
    </Filter>
    <Filter Include="src\ChocoGL\Script">
      <UniqueIdentifier>{5F368514-4B1A-466A-B47A-40BDA07D30EC}</UniqueIdentifier>
    </Filter>
    <Filter Include="src\ChocoGL\Vendor">
      <UniqueIdentifier>{589AA61B-447E-6771-ADDE-61C499E151F3}</UniqueIdentifier>
    </Filter>
    <Filter Include="src\Platform">
      <UniqueIdentifier>{21CA02E5-0D2D-9289-B6B2-CA3FA2F45D0C}</UniqueIdentifier>
    </Filter>
    <Filter Include="src\Platform\OpenGL">
      <UniqueIdentifier>{35A49437-A105-7245-2A73-B8F796D3A804}</UniqueIdentifier>
    </Filter>
    <Filter Include="src\Platform\Windows">
      <UniqueIdentifier>{5B054582-4794-CE4B-F0B2-E246DC20DFF1}</UniqueIdentifier>
    </Filter>
    <Filter Include="vendor">
      <UniqueIdentifier>{B3738122-9F15-ACF8-88D0-BF4C74113349}</UniqueIdentifier>
    </Filter>
    <Filter Include="vendor\FastNoise">
      <UniqueIdentifier>{EEFAAAA2-DAF3-C9F4-0326-AF79EF7DA900}</UniqueIdentifier>
    </Filter>
    <Filter Include="vendor\yaml-cpp">
      <UniqueIdentifier>{C5B3FC54-313F-6A19-3A50-ED0DA65AC619}</UniqueIdentifier>
    </Filter>
    <Filter Include="vendor\yaml-cpp\include">
      <UniqueIdentifier>{38D04F32-A407-98C9-AD11-FCEC19C8BEC2}</UniqueIdentifier>
    </Filter>
    <Filter Include="vendor\yaml-cpp\include\yaml-cpp">
      <UniqueIdentifier>{EAF52FF2-D646-1B34-FFAA-09F6EB5AAE9D}</UniqueIdentifier>
    </Filter>
    <Filter Include="vendor\yaml-cpp\include\yaml-cpp\contrib">
      <UniqueIdentifier>{EA87E472-D604-D8B5-FF81-D8C9EB5D7449}</UniqueIdentifier>
    </Filter>
    <Filter Include="vendor\yaml-cpp\include\yaml-cpp\node">
      <UniqueIdentifier>{FFEED84C-6BB3-D73C-3419-0807A09C7372}</UniqueIdentifier>
    </Filter>
    <Filter Include="vendor\yaml-cpp\include\yaml-cpp\node\detail">
      <UniqueIdentifier>{E131EE05-CD44-EE5E-762E-CB4B62208BAC}</UniqueIdentifier>
    </Filter>
    <Filter Include="vendor\yaml-cpp\src">
      <UniqueIdentifier>{5CCC2628-C82D-0436-519B-4AE8BDFB3AF5}</UniqueIdentifier>
    </Filter>
    <Filter Include="vendor\yaml-cpp\src\contrib">
      <UniqueIdentifier>{5CB0BB24-C8BD-E90A-51A4-E5F5BDB0B5C1}</UniqueIdentifier>
    </Filter>
  </ItemGroup>
  <ItemGroup>
    <ClInclude Include="src\ChocoGL.h">
      <Filter>src</Filter>
    </ClInclude>
    <ClInclude Include="src\ChocoGL\Core\Application.h">
      <Filter>src\ChocoGL\Core</Filter>
    </ClInclude>
    <ClInclude Include="src\ChocoGL\Core\Assert.h">
      <Filter>src\ChocoGL\Core</Filter>
    </ClInclude>
    <ClInclude Include="src\ChocoGL\Core\Buffer.h">
      <Filter>src\ChocoGL\Core</Filter>
    </ClInclude>
    <ClInclude Include="src\ChocoGL\Core\Core.h">
      <Filter>src\ChocoGL\Core</Filter>
    </ClInclude>
    <ClInclude Include="src\ChocoGL\Core\Events\ApplicationEvent.h">
      <Filter>src\ChocoGL\Core\Events</Filter>
    </ClInclude>
    <ClInclude Include="src\ChocoGL\Core\Events\Event.h">
      <Filter>src\ChocoGL\Core\Events</Filter>
    </ClInclude>
    <ClInclude Include="src\ChocoGL\Core\Events\KeyEvent.h">
      <Filter>src\ChocoGL\Core\Events</Filter>
    </ClInclude>
    <ClInclude Include="src\ChocoGL\Core\Events\MouseEvent.h">
      <Filter>src\ChocoGL\Core\Events</Filter>
    </ClInclude>
    <ClInclude Include="src\ChocoGL\Core\Input.h">
      <Filter>src\ChocoGL\Core</Filter>
    </ClInclude>
    <ClInclude Include="src\ChocoGL\Core\KeyCodes.h">
      <Filter>src\ChocoGL\Core</Filter>
    </ClInclude>
    <ClInclude Include="src\ChocoGL\Core\Layer.h">
      <Filter>src\ChocoGL\Core</Filter>
    </ClInclude>
    <ClInclude Include="src\ChocoGL\Core\LayerStack.h">
      <Filter>src\ChocoGL\Core</Filter>
    </ClInclude>
    <ClInclude Include="src\ChocoGL\Core\Log.h">
      <Filter>src\ChocoGL\Core</Filter>
    </ClInclude>
    <ClInclude Include="src\ChocoGL\Core\Math\AABB.h">
      <Filter>src\ChocoGL\Core\Math</Filter>
    </ClInclude>
    <ClInclude Include="src\ChocoGL\Core\Math\Mat4.h">
      <Filter>src\ChocoGL\Core\Math</Filter>
    </ClInclude>
    <ClInclude Include="src\ChocoGL\Core\Math\Noise.h">
      <Filter>src\ChocoGL\Core\Math</Filter>
    </ClInclude>
    <ClInclude Include="src\ChocoGL\Core\Math\Ray.h">
      <Filter>src\ChocoGL\Core\Math</Filter>
    </ClInclude>
    <ClInclude Include="src\ChocoGL\Core\MouseButtonCodes.h">
      <Filter>src\ChocoGL\Core</Filter>
    </ClInclude>
    <ClInclude Include="src\ChocoGL\Core\Ref.h">
      <Filter>src\ChocoGL\Core</Filter>
    </ClInclude>
    <ClInclude Include="src\ChocoGL\Core\Timer.h">
      <Filter>src\ChocoGL\Core</Filter>
    </ClInclude>
    <ClInclude Include="src\ChocoGL\Core\Timestep.h">
      <Filter>src\ChocoGL\Core</Filter>
    </ClInclude>
    <ClInclude Include="src\ChocoGL\Core\UUID.h">
      <Filter>src\ChocoGL\Core</Filter>
    </ClInclude>
    <ClInclude Include="src\ChocoGL\Core\Window.h">
      <Filter>src\ChocoGL\Core</Filter>
    </ClInclude>
    <ClInclude Include="src\ChocoGL\Editor\EditorCamera.h">
      <Filter>src\ChocoGL\Editor</Filter>
    </ClInclude>
    <ClInclude Include="src\ChocoGL\Editor\SceneHierarchyPanel.h">
      <Filter>src\ChocoGL\Editor</Filter>
    </ClInclude>
    <ClInclude Include="src\ChocoGL\EntryPoint.h">
      <Filter>src\ChocoGL</Filter>
    </ClInclude>
    <ClInclude Include="src\ChocoGL\Imgui\ImGuiLayer.h">
      <Filter>src\ChocoGL\Imgui</Filter>
    </ClInclude>
    <ClInclude Include="src\ChocoGL\Imgui\ImGuizmo.h">
      <Filter>src\ChocoGL\Imgui</Filter>
    </ClInclude>
    <ClInclude Include="src\ChocoGL\Renderer\Buffer.h">
      <Filter>src\ChocoGL\Renderer</Filter>
    </ClInclude>
    <ClInclude Include="src\ChocoGL\Renderer\Camera.h">
      <Filter>src\ChocoGL\Renderer</Filter>
    </ClInclude>
    <ClInclude Include="src\ChocoGL\Renderer\Framebuffer.h">
      <Filter>src\ChocoGL\Renderer</Filter>
    </ClInclude>
    <ClInclude Include="src\ChocoGL\Renderer\GraphicsContext.h">
      <Filter>src\ChocoGL\Renderer</Filter>
    </ClInclude>
    <ClInclude Include="src\ChocoGL\Renderer\Material.h">
      <Filter>src\ChocoGL\Renderer</Filter>
    </ClInclude>
    <ClInclude Include="src\ChocoGL\Renderer\Mesh.h">
      <Filter>src\ChocoGL\Renderer</Filter>
    </ClInclude>
    <ClInclude Include="src\ChocoGL\Renderer\RenderCommandQueue.h">
      <Filter>src\ChocoGL\Renderer</Filter>
    </ClInclude>
    <ClInclude Include="src\ChocoGL\Renderer\RenderPass.h">
      <Filter>src\ChocoGL\Renderer</Filter>
    </ClInclude>
    <ClInclude Include="src\ChocoGL\Renderer\Renderer.h">
      <Filter>src\ChocoGL\Renderer</Filter>
    </ClInclude>
    <ClInclude Include="src\ChocoGL\Renderer\Renderer2D.h">
      <Filter>src\ChocoGL\Renderer</Filter>
    </ClInclude>
    <ClInclude Include="src\ChocoGL\Renderer\RendererAPI.h">
      <Filter>src\ChocoGL\Renderer</Filter>
    </ClInclude>
    <ClInclude Include="src\ChocoGL\Renderer\SceneRenderer.h">
      <Filter>src\ChocoGL\Renderer</Filter>
    </ClInclude>
    <ClInclude Include="src\ChocoGL\Renderer\Shader.h">
      <Filter>src\ChocoGL\Renderer</Filter>
    </ClInclude>
    <ClInclude Include="src\ChocoGL\Renderer\ShaderUniform.h">
      <Filter>src\ChocoGL\Renderer</Filter>
    </ClInclude>
    <ClInclude Include="src\ChocoGL\Renderer\Texture.h">
      <Filter>src\ChocoGL\Renderer</Filter>
    </ClInclude>
    <ClInclude Include="src\ChocoGL\Renderer\VertexArray.h">
      <Filter>src\ChocoGL\Renderer</Filter>
    </ClInclude>
    <ClInclude Include="src\ChocoGL\Scene\Components.h">
      <Filter>src\ChocoGL\Scene</Filter>
    </ClInclude>
    <ClInclude Include="src\ChocoGL\Scene\Entity.h">
      <Filter>src\ChocoGL\Scene</Filter>
    </ClInclude>
    <ClInclude Include="src\ChocoGL\Scene\Scene.h">
      <Filter>src\ChocoGL\Scene</Filter>
    </ClInclude>
    <ClInclude Include="src\ChocoGL\Scene\SceneCamera.h">
      <Filter>src\ChocoGL\Scene</Filter>
    </ClInclude>
    <ClInclude Include="src\ChocoGL\Scene\SceneSerializer.h">
      <Filter>src\ChocoGL\Scene</Filter>
    </ClInclude>
    <ClInclude Include="src\ChocoGL\Script\ScriptEngine.h">
      <Filter>src\ChocoGL\Script</Filter>
    </ClInclude>
    <ClInclude Include="src\ChocoGL\Script\ScriptEngineRegistry.h">
      <Filter>src\ChocoGL\Script</Filter>
    </ClInclude>
    <ClInclude Include="src\ChocoGL\Script\ScriptWrappers.h">
      <Filter>src\ChocoGL\Script</Filter>
    </ClInclude>
    <ClInclude Include="src\Platform\OpenGL\OpenGLBuffer.h">
      <Filter>src\Platform\OpenGL</Filter>
    </ClInclude>
    <ClInclude Include="src\Platform\OpenGL\OpenGLContext.h">
      <Filter>src\Platform\OpenGL</Filter>
    </ClInclude>
    <ClInclude Include="src\Platform\OpenGL\OpenGLFramebuffer.h">
      <Filter>src\Platform\OpenGL</Filter>
    </ClInclude>
    <ClInclude Include="src\Platform\OpenGL\OpenGLRenderPass.h">
      <Filter>src\Platform\OpenGL</Filter>
    </ClInclude>
    <ClInclude Include="src\Platform\OpenGL\OpenGLShader.h">
      <Filter>src\Platform\OpenGL</Filter>
    </ClInclude>
    <ClInclude Include="src\Platform\OpenGL\OpenGLShaderUniform.h">
      <Filter>src\Platform\OpenGL</Filter>
    </ClInclude>
    <ClInclude Include="src\Platform\OpenGL\OpenGLTexture.h">
      <Filter>src\Platform\OpenGL</Filter>
    </ClInclude>
    <ClInclude Include="src\Platform\OpenGL\OpenGLVertexArray.h">
      <Filter>src\Platform\OpenGL</Filter>
    </ClInclude>
    <ClInclude Include="src\Platform\Windows\WindowsWindow.h">
      <Filter>src\Platform\Windows</Filter>
    </ClInclude>
    <ClInclude Include="src\clpch.h">
      <Filter>src</Filter>
    </ClInclude>
    <ClInclude Include="vendor\yaml-cpp\include\yaml-cpp\anchor.h">
      <Filter>vendor\yaml-cpp\include\yaml-cpp</Filter>
    </ClInclude>
    <ClInclude Include="vendor\yaml-cpp\include\yaml-cpp\binary.h">
      <Filter>vendor\yaml-cpp\include\yaml-cpp</Filter>
    </ClInclude>
    <ClInclude Include="vendor\yaml-cpp\include\yaml-cpp\contrib\anchordict.h">
      <Filter>vendor\yaml-cpp\include\yaml-cpp\contrib</Filter>
    </ClInclude>
    <ClInclude Include="vendor\yaml-cpp\include\yaml-cpp\contrib\graphbuilder.h">
      <Filter>vendor\yaml-cpp\include\yaml-cpp\contrib</Filter>
    </ClInclude>
    <ClInclude Include="vendor\yaml-cpp\include\yaml-cpp\depthguard.h">
      <Filter>vendor\yaml-cpp\include\yaml-cpp</Filter>
    </ClInclude>
    <ClInclude Include="vendor\yaml-cpp\include\yaml-cpp\dll.h">
      <Filter>vendor\yaml-cpp\include\yaml-cpp</Filter>
    </ClInclude>
    <ClInclude Include="vendor\yaml-cpp\include\yaml-cpp\emitfromevents.h">
      <Filter>vendor\yaml-cpp\include\yaml-cpp</Filter>
    </ClInclude>
    <ClInclude Include="vendor\yaml-cpp\include\yaml-cpp\emitter.h">
      <Filter>vendor\yaml-cpp\include\yaml-cpp</Filter>
    </ClInclude>
    <ClInclude Include="vendor\yaml-cpp\include\yaml-cpp\emitterdef.h">
      <Filter>vendor\yaml-cpp\include\yaml-cpp</Filter>
    </ClInclude>
    <ClInclude Include="vendor\yaml-cpp\include\yaml-cpp\emittermanip.h">
      <Filter>vendor\yaml-cpp\include\yaml-cpp</Filter>
    </ClInclude>
    <ClInclude Include="vendor\yaml-cpp\include\yaml-cpp\emitterstyle.h">
      <Filter>vendor\yaml-cpp\include\yaml-cpp</Filter>
    </ClInclude>
    <ClInclude Include="vendor\yaml-cpp\include\yaml-cpp\eventhandler.h">
      <Filter>vendor\yaml-cpp\include\yaml-cpp</Filter>
    </ClInclude>
    <ClInclude Include="vendor\yaml-cpp\include\yaml-cpp\exceptions.h">
      <Filter>vendor\yaml-cpp\include\yaml-cpp</Filter>
    </ClInclude>
    <ClInclude Include="vendor\yaml-cpp\include\yaml-cpp\mark.h">
      <Filter>vendor\yaml-cpp\include\yaml-cpp</Filter>
    </ClInclude>
    <ClInclude Include="vendor\yaml-cpp\include\yaml-cpp\node\convert.h">
      <Filter>vendor\yaml-cpp\include\yaml-cpp\node</Filter>
    </ClInclude>
    <ClInclude Include="vendor\yaml-cpp\include\yaml-cpp\node\detail\impl.h">
      <Filter>vendor\yaml-cpp\include\yaml-cpp\node\detail</Filter>
    </ClInclude>
    <ClInclude Include="vendor\yaml-cpp\include\yaml-cpp\node\detail\iterator.h">
      <Filter>vendor\yaml-cpp\include\yaml-cpp\node\detail</Filter>
    </ClInclude>
    <ClInclude Include="vendor\yaml-cpp\include\yaml-cpp\node\detail\iterator_fwd.h">
      <Filter>vendor\yaml-cpp\include\yaml-cpp\node\detail</Filter>
    </ClInclude>
    <ClInclude Include="vendor\yaml-cpp\include\yaml-cpp\node\detail\memory.h">
      <Filter>vendor\yaml-cpp\include\yaml-cpp\node\detail</Filter>
    </ClInclude>
    <ClInclude Include="vendor\yaml-cpp\include\yaml-cpp\node\detail\node.h">
      <Filter>vendor\yaml-cpp\include\yaml-cpp\node\detail</Filter>
    </ClInclude>
    <ClInclude Include="vendor\yaml-cpp\include\yaml-cpp\node\detail\node_data.h">
      <Filter>vendor\yaml-cpp\include\yaml-cpp\node\detail</Filter>
    </ClInclude>
    <ClInclude Include="vendor\yaml-cpp\include\yaml-cpp\node\detail\node_iterator.h">
      <Filter>vendor\yaml-cpp\include\yaml-cpp\node\detail</Filter>
    </ClInclude>
    <ClInclude Include="vendor\yaml-cpp\include\yaml-cpp\node\detail\node_ref.h">
      <Filter>vendor\yaml-cpp\include\yaml-cpp\node\detail</Filter>
    </ClInclude>
    <ClInclude Include="vendor\yaml-cpp\include\yaml-cpp\node\emit.h">
      <Filter>vendor\yaml-cpp\include\yaml-cpp\node</Filter>
    </ClInclude>
    <ClInclude Include="vendor\yaml-cpp\include\yaml-cpp\node\impl.h">
      <Filter>vendor\yaml-cpp\include\yaml-cpp\node</Filter>
    </ClInclude>
    <ClInclude Include="vendor\yaml-cpp\include\yaml-cpp\node\iterator.h">
      <Filter>vendor\yaml-cpp\include\yaml-cpp\node</Filter>
    </ClInclude>
    <ClInclude Include="vendor\yaml-cpp\include\yaml-cpp\node\node.h">
      <Filter>vendor\yaml-cpp\include\yaml-cpp\node</Filter>
    </ClInclude>
    <ClInclude Include="vendor\yaml-cpp\include\yaml-cpp\node\parse.h">
      <Filter>vendor\yaml-cpp\include\yaml-cpp\node</Filter>
    </ClInclude>
    <ClInclude Include="vendor\yaml-cpp\include\yaml-cpp\node\ptr.h">
      <Filter>vendor\yaml-cpp\include\yaml-cpp\node</Filter>
    </ClInclude>
    <ClInclude Include="vendor\yaml-cpp\include\yaml-cpp\node\type.h">
      <Filter>vendor\yaml-cpp\include\yaml-cpp\node</Filter>
    </ClInclude>
    <ClInclude Include="vendor\yaml-cpp\include\yaml-cpp\noexcept.h">
      <Filter>vendor\yaml-cpp\include\yaml-cpp</Filter>
    </ClInclude>
    <ClInclude Include="vendor\yaml-cpp\include\yaml-cpp\null.h">
      <Filter>vendor\yaml-cpp\include\yaml-cpp</Filter>
    </ClInclude>
    <ClInclude Include="vendor\yaml-cpp\include\yaml-cpp\ostream_wrapper.h">
      <Filter>vendor\yaml-cpp\include\yaml-cpp</Filter>
    </ClInclude>
    <ClInclude Include="vendor\yaml-cpp\include\yaml-cpp\parser.h">
      <Filter>vendor\yaml-cpp\include\yaml-cpp</Filter>
    </ClInclude>
    <ClInclude Include="vendor\yaml-cpp\include\yaml-cpp\stlemitter.h">
      <Filter>vendor\yaml-cpp\include\yaml-cpp</Filter>
    </ClInclude>
    <ClInclude Include="vendor\yaml-cpp\include\yaml-cpp\traits.h">
      <Filter>vendor\yaml-cpp\include\yaml-cpp</Filter>
    </ClInclude>
    <ClInclude Include="vendor\yaml-cpp\include\yaml-cpp\yaml.h">
      <Filter>vendor\yaml-cpp\include\yaml-cpp</Filter>
    </ClInclude>
    <ClInclude Include="vendor\yaml-cpp\src\collectionstack.h">
      <Filter>vendor\yaml-cpp\src</Filter>
    </ClInclude>
    <ClInclude Include="vendor\yaml-cpp\src\contrib\graphbuilderadapter.h">
      <Filter>vendor\yaml-cpp\src\contrib</Filter>
    </ClInclude>
    <ClInclude Include="vendor\yaml-cpp\src\directives.h">
      <Filter>vendor\yaml-cpp\src</Filter>
    </ClInclude>
    <ClInclude Include="vendor\yaml-cpp\src\emitterstate.h">
      <Filter>vendor\yaml-cpp\src</Filter>
    </ClInclude>
    <ClInclude Include="vendor\yaml-cpp\src\emitterutils.h">
      <Filter>vendor\yaml-cpp\src</Filter>
    </ClInclude>
    <ClInclude Include="vendor\yaml-cpp\src\exp.h">
      <Filter>vendor\yaml-cpp\src</Filter>
    </ClInclude>
    <ClInclude Include="vendor\yaml-cpp\src\indentation.h">
      <Filter>vendor\yaml-cpp\src</Filter>
    </ClInclude>
    <ClInclude Include="vendor\yaml-cpp\src\nodebuilder.h">
      <Filter>vendor\yaml-cpp\src</Filter>
    </ClInclude>
    <ClInclude Include="vendor\yaml-cpp\src\nodeevents.h">
      <Filter>vendor\yaml-cpp\src</Filter>
    </ClInclude>
    <ClInclude Include="vendor\yaml-cpp\src\ptr_vector.h">
      <Filter>vendor\yaml-cpp\src</Filter>
    </ClInclude>
    <ClInclude Include="vendor\yaml-cpp\src\regex_yaml.h">
      <Filter>vendor\yaml-cpp\src</Filter>
    </ClInclude>
    <ClInclude Include="vendor\yaml-cpp\src\regeximpl.h">
      <Filter>vendor\yaml-cpp\src</Filter>
    </ClInclude>
    <ClInclude Include="vendor\yaml-cpp\src\scanner.h">
      <Filter>vendor\yaml-cpp\src</Filter>
    </ClInclude>
    <ClInclude Include="vendor\yaml-cpp\src\scanscalar.h">
      <Filter>vendor\yaml-cpp\src</Filter>
    </ClInclude>
    <ClInclude Include="vendor\yaml-cpp\src\scantag.h">
      <Filter>vendor\yaml-cpp\src</Filter>
    </ClInclude>
    <ClInclude Include="vendor\yaml-cpp\src\setting.h">
      <Filter>vendor\yaml-cpp\src</Filter>
    </ClInclude>
    <ClInclude Include="vendor\yaml-cpp\src\singledocparser.h">
      <Filter>vendor\yaml-cpp\src</Filter>
    </ClInclude>
    <ClInclude Include="vendor\yaml-cpp\src\stream.h">
      <Filter>vendor\yaml-cpp\src</Filter>
    </ClInclude>
    <ClInclude Include="vendor\yaml-cpp\src\streamcharsource.h">
      <Filter>vendor\yaml-cpp\src</Filter>
    </ClInclude>
    <ClInclude Include="vendor\yaml-cpp\src\stringsource.h">
      <Filter>vendor\yaml-cpp\src</Filter>
    </ClInclude>
    <ClInclude Include="vendor\yaml-cpp\src\tag.h">
      <Filter>vendor\yaml-cpp\src</Filter>
    </ClInclude>
    <ClInclude Include="vendor\yaml-cpp\src\token.h">
      <Filter>vendor\yaml-cpp\src</Filter>
    </ClInclude>
  </ItemGroup>
  <ItemGroup>
    <ClCompile Include="src\ChocoGL\Core\Application.cpp">
      <Filter>src\ChocoGL\Core</Filter>
    </ClCompile>
    <ClCompile Include="src\ChocoGL\Core\Core.cpp">
      <Filter>src\ChocoGL\Core</Filter>
    </ClCompile>
    <ClCompile Include="src\ChocoGL\Core\Layer.cpp">
      <Filter>src\ChocoGL\Core</Filter>
    </ClCompile>
    <ClCompile Include="src\ChocoGL\Core\LayerStack.cpp">
      <Filter>src\ChocoGL\Core</Filter>
    </ClCompile>
    <ClCompile Include="src\ChocoGL\Core\Log.cpp">
      <Filter>src\ChocoGL\Core</Filter>
    </ClCompile>
    <ClCompile Include="src\ChocoGL\Core\Math\Mat4.cpp">
      <Filter>src\ChocoGL\Core\Math</Filter>
    </ClCompile>
    <ClCompile Include="src\ChocoGL\Core\Math\Noise.cpp">
      <Filter>src\ChocoGL\Core\Math</Filter>
    </ClCompile>
    <ClCompile Include="src\ChocoGL\Core\Timestep.cpp">
      <Filter>src\ChocoGL\Core</Filter>
    </ClCompile>
    <ClCompile Include="src\ChocoGL\Core\UUID.cpp">
      <Filter>src\ChocoGL\Core</Filter>
    </ClCompile>
    <ClCompile Include="src\ChocoGL\Editor\EditorCamera.cpp">
      <Filter>src\ChocoGL\Editor</Filter>
    </ClCompile>
    <ClCompile Include="src\ChocoGL\Editor\SceneHierarchyPanel.cpp">
      <Filter>src\ChocoGL\Editor</Filter>
    </ClCompile>
    <ClCompile Include="src\ChocoGL\Imgui\ImGuiBuild.cpp">
      <Filter>src\ChocoGL\Imgui</Filter>
    </ClCompile>
    <ClCompile Include="src\ChocoGL\Imgui\ImGuizmo.cpp">
      <Filter>src\ChocoGL\Imgui</Filter>
    </ClCompile>
    <ClCompile Include="src\ChocoGL\Imgui\ImguiLayer.cpp">
      <Filter>src\ChocoGL\Imgui</Filter>
    </ClCompile>
    <ClCompile Include="src\ChocoGL\Renderer\Buffer.cpp">
      <Filter>src\ChocoGL\Renderer</Filter>
    </ClCompile>
    <ClCompile Include="src\ChocoGL\Renderer\Camera.cpp">
      <Filter>src\ChocoGL\Renderer</Filter>
    </ClCompile>
    <ClCompile Include="src\ChocoGL\Renderer\Framebuffer.cpp">
      <Filter>src\ChocoGL\Renderer</Filter>
    </ClCompile>
    <ClCompile Include="src\ChocoGL\Renderer\Material.cpp">
      <Filter>src\ChocoGL\Renderer</Filter>
    </ClCompile>
    <ClCompile Include="src\ChocoGL\Renderer\Mesh.cpp">
      <Filter>src\ChocoGL\Renderer</Filter>
    </ClCompile>
    <ClCompile Include="src\ChocoGL\Renderer\RenderCommandQueue.cpp">
      <Filter>src\ChocoGL\Renderer</Filter>
    </ClCompile>
    <ClCompile Include="src\ChocoGL\Renderer\RenderPass.cpp">
      <Filter>src\ChocoGL\Renderer</Filter>
    </ClCompile>
    <ClCompile Include="src\ChocoGL\Renderer\Renderer.cpp">
      <Filter>src\ChocoGL\Renderer</Filter>
    </ClCompile>
    <ClCompile Include="src\ChocoGL\Renderer\Renderer2D.cpp">
      <Filter>src\ChocoGL\Renderer</Filter>
    </ClCompile>
    <ClCompile Include="src\ChocoGL\Renderer\SceneRenderer.cpp">
      <Filter>src\ChocoGL\Renderer</Filter>
    </ClCompile>
    <ClCompile Include="src\ChocoGL\Renderer\Shader.cpp">
      <Filter>src\ChocoGL\Renderer</Filter>
    </ClCompile>
    <ClCompile Include="src\ChocoGL\Renderer\Texture.cpp">
      <Filter>src\ChocoGL\Renderer</Filter>
    </ClCompile>
    <ClCompile Include="src\ChocoGL\Renderer\VertexArray.cpp">
      <Filter>src\ChocoGL\Renderer</Filter>
    </ClCompile>
    <ClCompile Include="src\ChocoGL\Scene\Entity.cpp">
      <Filter>src\ChocoGL\Scene</Filter>
    </ClCompile>
    <ClCompile Include="src\ChocoGL\Scene\Scene.cpp">
      <Filter>src\ChocoGL\Scene</Filter>
    </ClCompile>
    <ClCompile Include="src\ChocoGL\Scene\SceneCamera.cpp">
      <Filter>src\ChocoGL\Scene</Filter>
    </ClCompile>
    <ClCompile Include="src\ChocoGL\Scene\SceneSerializer.cpp">
      <Filter>src\ChocoGL\Scene</Filter>
    </ClCompile>
    <ClCompile Include="src\ChocoGL\Script\ScriptEngine.cpp">
      <Filter>src\ChocoGL\Script</Filter>
    </ClCompile>
    <ClCompile Include="src\ChocoGL\Script\ScriptEngineRegistry.cpp">
      <Filter>src\ChocoGL\Script</Filter>
    </ClCompile>
    <ClCompile Include="src\ChocoGL\Script\ScriptWrappers.cpp">
      <Filter>src\ChocoGL\Script</Filter>
    </ClCompile>
    <ClCompile Include="src\ChocoGL\Vendor\stb_image.cpp.cpp">
      <Filter>src\ChocoGL\Vendor</Filter>
    </ClCompile>
    <ClCompile Include="src\Platform\OpenGL\OpenGLBuffer.cpp">
      <Filter>src\Platform\OpenGL</Filter>
    </ClCompile>
    <ClCompile Include="src\Platform\OpenGL\OpenGLContext.cpp">
      <Filter>src\Platform\OpenGL</Filter>
    </ClCompile>
    <ClCompile Include="src\Platform\OpenGL\OpenGLFramebuffer.cpp">
      <Filter>src\Platform\OpenGL</Filter>
    </ClCompile>
    <ClCompile Include="src\Platform\OpenGL\OpenGLRenderPass.cpp">
      <Filter>src\Platform\OpenGL</Filter>
    </ClCompile>
    <ClCompile Include="src\Platform\OpenGL\OpenGLRendererAPI.cpp">
      <Filter>src\Platform\OpenGL</Filter>
    </ClCompile>
    <ClCompile Include="src\Platform\OpenGL\OpenGLShader.cpp">
      <Filter>src\Platform\OpenGL</Filter>
    </ClCompile>
    <ClCompile Include="src\Platform\OpenGL\OpenGLShaderUniform.cpp">
      <Filter>src\Platform\OpenGL</Filter>
    </ClCompile>
    <ClCompile Include="src\Platform\OpenGL\OpenGLTexture.cpp">
      <Filter>src\Platform\OpenGL</Filter>
    </ClCompile>
    <ClCompile Include="src\Platform\OpenGL\OpenGLVertexArray.cpp">
      <Filter>src\Platform\OpenGL</Filter>
    </ClCompile>
    <ClCompile Include="src\Platform\Windows\WindowsInput.cpp">
      <Filter>src\Platform\Windows</Filter>
    </ClCompile>
    <ClCompile Include="src\Platform\Windows\WindowsWindow.cpp">
      <Filter>src\Platform\Windows</Filter>
    </ClCompile>
    <ClCompile Include="src\clpch.cpp">
      <Filter>src</Filter>
    </ClCompile>
    <ClCompile Include="vendor\FastNoise\FastNoise.cpp">
      <Filter>vendor\FastNoise</Filter>
    </ClCompile>
    <ClCompile Include="vendor\yaml-cpp\src\binary.cpp">
      <Filter>vendor\yaml-cpp\src</Filter>
    </ClCompile>
    <ClCompile Include="vendor\yaml-cpp\src\contrib\graphbuilder.cpp">
      <Filter>vendor\yaml-cpp\src\contrib</Filter>
    </ClCompile>
    <ClCompile Include="vendor\yaml-cpp\src\contrib\graphbuilderadapter.cpp">
      <Filter>vendor\yaml-cpp\src\contrib</Filter>
    </ClCompile>
    <ClCompile Include="vendor\yaml-cpp\src\convert.cpp">
      <Filter>vendor\yaml-cpp\src</Filter>
    </ClCompile>
    <ClCompile Include="vendor\yaml-cpp\src\depthguard.cpp">
      <Filter>vendor\yaml-cpp\src</Filter>
    </ClCompile>
    <ClCompile Include="vendor\yaml-cpp\src\directives.cpp">
      <Filter>vendor\yaml-cpp\src</Filter>
    </ClCompile>
    <ClCompile Include="vendor\yaml-cpp\src\emit.cpp">
      <Filter>vendor\yaml-cpp\src</Filter>
    </ClCompile>
    <ClCompile Include="vendor\yaml-cpp\src\emitfromevents.cpp">
      <Filter>vendor\yaml-cpp\src</Filter>
    </ClCompile>
    <ClCompile Include="vendor\yaml-cpp\src\emitter.cpp">
      <Filter>vendor\yaml-cpp\src</Filter>
    </ClCompile>
    <ClCompile Include="vendor\yaml-cpp\src\emitterstate.cpp">
      <Filter>vendor\yaml-cpp\src</Filter>
    </ClCompile>
    <ClCompile Include="vendor\yaml-cpp\src\emitterutils.cpp">
      <Filter>vendor\yaml-cpp\src</Filter>
    </ClCompile>
    <ClCompile Include="vendor\yaml-cpp\src\exceptions.cpp">
      <Filter>vendor\yaml-cpp\src</Filter>
    </ClCompile>
    <ClCompile Include="vendor\yaml-cpp\src\exp.cpp">
      <Filter>vendor\yaml-cpp\src</Filter>
    </ClCompile>
    <ClCompile Include="vendor\yaml-cpp\src\memory.cpp">
      <Filter>vendor\yaml-cpp\src</Filter>
    </ClCompile>
    <ClCompile Include="vendor\yaml-cpp\src\node.cpp">
      <Filter>vendor\yaml-cpp\src</Filter>
    </ClCompile>
    <ClCompile Include="vendor\yaml-cpp\src\node_data.cpp">
      <Filter>vendor\yaml-cpp\src</Filter>
    </ClCompile>
    <ClCompile Include="vendor\yaml-cpp\src\nodebuilder.cpp">
      <Filter>vendor\yaml-cpp\src</Filter>
    </ClCompile>
    <ClCompile Include="vendor\yaml-cpp\src\nodeevents.cpp">
      <Filter>vendor\yaml-cpp\src</Filter>
    </ClCompile>
    <ClCompile Include="vendor\yaml-cpp\src\null.cpp">
      <Filter>vendor\yaml-cpp\src</Filter>
    </ClCompile>
    <ClCompile Include="vendor\yaml-cpp\src\ostream_wrapper.cpp">
      <Filter>vendor\yaml-cpp\src</Filter>
    </ClCompile>
    <ClCompile Include="vendor\yaml-cpp\src\parse.cpp">
      <Filter>vendor\yaml-cpp\src</Filter>
    </ClCompile>
    <ClCompile Include="vendor\yaml-cpp\src\parser.cpp">
      <Filter>vendor\yaml-cpp\src</Filter>
    </ClCompile>
    <ClCompile Include="vendor\yaml-cpp\src\regex_yaml.cpp">
      <Filter>vendor\yaml-cpp\src</Filter>
    </ClCompile>
    <ClCompile Include="vendor\yaml-cpp\src\scanner.cpp">
      <Filter>vendor\yaml-cpp\src</Filter>
    </ClCompile>
    <ClCompile Include="vendor\yaml-cpp\src\scanscalar.cpp">
      <Filter>vendor\yaml-cpp\src</Filter>
    </ClCompile>
    <ClCompile Include="vendor\yaml-cpp\src\scantag.cpp">
      <Filter>vendor\yaml-cpp\src</Filter>
    </ClCompile>
    <ClCompile Include="vendor\yaml-cpp\src\scantoken.cpp">
      <Filter>vendor\yaml-cpp\src</Filter>
    </ClCompile>
    <ClCompile Include="vendor\yaml-cpp\src\simplekey.cpp">
      <Filter>vendor\yaml-cpp\src</Filter>
    </ClCompile>
    <ClCompile Include="vendor\yaml-cpp\src\singledocparser.cpp">
      <Filter>vendor\yaml-cpp\src</Filter>
    </ClCompile>
    <ClCompile Include="vendor\yaml-cpp\src\stream.cpp">
      <Filter>vendor\yaml-cpp\src</Filter>
    </ClCompile>
    <ClCompile Include="vendor\yaml-cpp\src\tag.cpp">
      <Filter>vendor\yaml-cpp\src</Filter>
    </ClCompile>
  </ItemGroup>
  <ItemGroup>
    <None Include="ClassDiagram.cd" />
  </ItemGroup>
</Project>