<?xml version="1.0" encoding="utf-8"?>
<Project ToolsVersion="4.0" xmlns="http://schemas.microsoft.com/developer/msbuild/2003">
  <ItemGroup>
    <Filter Include="src">
      <UniqueIdentifier>{2DAB880B-99B4-887C-2230-9F7C8E38947C}</UniqueIdentifier>
    </Filter>
    <Filter Include="src\ChocoGL">
      <UniqueIdentifier>{7BD0202D-E785-9922-707A-93F9DC2E9026}</UniqueIdentifier>
    </Filter>
    <Filter Include="src\ChocoGL\Core">
      <UniqueIdentifier>{B37986B4-9F72-A506-C8A4-8A8BB4FC8412}</UniqueIdentifier>
    </Filter>
    <Filter Include="src\ChocoGL\Core\Events">
      <UniqueIdentifier>{37DEE1BC-A315-2A54-AC1F-8E7718D6504D}</UniqueIdentifier>
    </Filter>
    <Filter Include="src\ChocoGL\Core\Math">
      <UniqueIdentifier>{6CE6835D-D852-3F58-A146-D7B50D7261C0}</UniqueIdentifier>
    </Filter>
    <Filter Include="src\ChocoGL\Editor">
      <UniqueIdentifier>{5155EAF3-3D39-AB49-A699-A59C929C95CB}</UniqueIdentifier>
    </Filter>
    <Filter Include="src\ChocoGL\Imgui">
      <UniqueIdentifier>{05FEC045-7114-BFDB-BA8B-4AFD26E18F63}</UniqueIdentifier>
    </Filter>
    <Filter Include="src\ChocoGL\Renderer">
      <UniqueIdentifier>{81CEA9EE-6D5D-33B8-167C-47B302EA435E}</UniqueIdentifier>
    </Filter>
    <Filter Include="src\ChocoGL\Scene">
      <UniqueIdentifier>{D86D7046-4484-6EDC-8DFB-F9FDF9503F64}</UniqueIdentifier>
    </Filter>
    <Filter Include="src\ChocoGL\Script">
      <UniqueIdentifier>{5F368514-4B1A-466A-B47A-40BDA07D30EC}</UniqueIdentifier>
    </Filter>
    <Filter Include="src\ChocoGL\Vendor">
      <UniqueIdentifier>{589AA61B-447E-6771-ADDE-61C499E151F3}</UniqueIdentifier>
    </Filter>
    <Filter Include="src\Platform">
      <UniqueIdentifier>{21CA02E5-0D2D-9289-B6B2-CA3FA2F45D0C}</UniqueIdentifier>
    </Filter>
    <Filter Include="src\Platform\OpenGL">
      <UniqueIdentifier>{35A49437-A105-7245-2A73-B8F796D3A804}</UniqueIdentifier>
    </Filter>
    <Filter Include="src\Platform\Windows">
      <UniqueIdentifier>{5B054582-4794-CE4B-F0B2-E246DC20DFF1}</UniqueIdentifier>
    </Filter>
    <Filter Include="vendor">
      <UniqueIdentifier>{B3738122-9F15-ACF8-88D0-BF4C74113349}</UniqueIdentifier>
    </Filter>
    <Filter Include="vendor\FastNoise">
      <UniqueIdentifier>{EEFAAAA2-DAF3-C9F4-0326-AF79EF7DA900}</UniqueIdentifier>
    </Filter>
  </ItemGroup>
  <ItemGroup>
    <ClInclude Include="src\ChocoGL.h">
      <Filter>src</Filter>
    </ClInclude>
    <ClInclude Include="src\ChocoGL\Core\Application.h">
      <Filter>src\ChocoGL\Core</Filter>
    </ClInclude>
    <ClInclude Include="src\ChocoGL\Core\Assert.h">
      <Filter>src\ChocoGL\Core</Filter>
    </ClInclude>
    <ClInclude Include="src\ChocoGL\Core\Buffer.h">
      <Filter>src\ChocoGL\Core</Filter>
    </ClInclude>
    <ClInclude Include="src\ChocoGL\Core\Core.h">
      <Filter>src\ChocoGL\Core</Filter>
    </ClInclude>
    <ClInclude Include="src\ChocoGL\Core\Events\ApplicationEvent.h">
      <Filter>src\ChocoGL\Core\Events</Filter>
    </ClInclude>
    <ClInclude Include="src\ChocoGL\Core\Events\Event.h">
      <Filter>src\ChocoGL\Core\Events</Filter>
    </ClInclude>
    <ClInclude Include="src\ChocoGL\Core\Events\KeyEvent.h">
      <Filter>src\ChocoGL\Core\Events</Filter>
    </ClInclude>
    <ClInclude Include="src\ChocoGL\Core\Events\MouseEvent.h">
      <Filter>src\ChocoGL\Core\Events</Filter>
    </ClInclude>
    <ClInclude Include="src\ChocoGL\Core\Input.h">
      <Filter>src\ChocoGL\Core</Filter>
    </ClInclude>
    <ClInclude Include="src\ChocoGL\Core\KeyCodes.h">
      <Filter>src\ChocoGL\Core</Filter>
    </ClInclude>
    <ClInclude Include="src\ChocoGL\Core\Layer.h">
      <Filter>src\ChocoGL\Core</Filter>
    </ClInclude>
    <ClInclude Include="src\ChocoGL\Core\LayerStack.h">
      <Filter>src\ChocoGL\Core</Filter>
    </ClInclude>
    <ClInclude Include="src\ChocoGL\Core\Log.h">
      <Filter>src\ChocoGL\Core</Filter>
    </ClInclude>
    <ClInclude Include="src\ChocoGL\Core\Math\AABB.h">
      <Filter>src\ChocoGL\Core\Math</Filter>
    </ClInclude>
    <ClInclude Include="src\ChocoGL\Core\Math\Mat4.h">
      <Filter>src\ChocoGL\Core\Math</Filter>
    </ClInclude>
    <ClInclude Include="src\ChocoGL\Core\Math\Noise.h">
      <Filter>src\ChocoGL\Core\Math</Filter>
    </ClInclude>
    <ClInclude Include="src\ChocoGL\Core\Math\Ray.h">
      <Filter>src\ChocoGL\Core\Math</Filter>
    </ClInclude>
    <ClInclude Include="src\ChocoGL\Core\MouseButtonCodes.h">
      <Filter>src\ChocoGL\Core</Filter>
    </ClInclude>
    <ClInclude Include="src\ChocoGL\Core\Ref.h">
      <Filter>src\ChocoGL\Core</Filter>
    </ClInclude>
    <ClInclude Include="src\ChocoGL\Core\Timer.h">
      <Filter>src\ChocoGL\Core</Filter>
    </ClInclude>
    <ClInclude Include="src\ChocoGL\Core\Timestep.h">
      <Filter>src\ChocoGL\Core</Filter>
    </ClInclude>
    <ClInclude Include="src\ChocoGL\Core\Window.h">
      <Filter>src\ChocoGL\Core</Filter>
    </ClInclude>
    <ClInclude Include="src\ChocoGL\Editor\SceneHierarchyPanel.h">
      <Filter>src\ChocoGL\Editor</Filter>
    </ClInclude>
    <ClInclude Include="src\ChocoGL\EntryPoint.h">
      <Filter>src\ChocoGL</Filter>
    </ClInclude>
    <ClInclude Include="src\ChocoGL\Imgui\ImGuiLayer.h">
      <Filter>src\ChocoGL\Imgui</Filter>
    </ClInclude>
    <ClInclude Include="src\ChocoGL\Imgui\ImGuizmo.h">
      <Filter>src\ChocoGL\Imgui</Filter>
    </ClInclude>
    <ClInclude Include="src\ChocoGL\Renderer\Buffer.h">
      <Filter>src\ChocoGL\Renderer</Filter>
    </ClInclude>
    <ClInclude Include="src\ChocoGL\Renderer\Camera.h">
      <Filter>src\ChocoGL\Renderer</Filter>
    </ClInclude>
    <ClInclude Include="src\ChocoGL\Renderer\Framebuffer.h">
      <Filter>src\ChocoGL\Renderer</Filter>
    </ClInclude>
    <ClInclude Include="src\ChocoGL\Renderer\GraphicsContext.h">
      <Filter>src\ChocoGL\Renderer</Filter>
    </ClInclude>
    <ClInclude Include="src\ChocoGL\Renderer\Material.h">
      <Filter>src\ChocoGL\Renderer</Filter>
    </ClInclude>
    <ClInclude Include="src\ChocoGL\Renderer\Mesh.h">
      <Filter>src\ChocoGL\Renderer</Filter>
    </ClInclude>
    <ClInclude Include="src\ChocoGL\Renderer\RenderCommandQueue.h">
      <Filter>src\ChocoGL\Renderer</Filter>
    </ClInclude>
    <ClInclude Include="src\ChocoGL\Renderer\RenderPass.h">
      <Filter>src\ChocoGL\Renderer</Filter>
    </ClInclude>
    <ClInclude Include="src\ChocoGL\Renderer\Renderer.h">
      <Filter>src\ChocoGL\Renderer</Filter>
    </ClInclude>
    <ClInclude Include="src\ChocoGL\Renderer\Renderer2D.h">
      <Filter>src\ChocoGL\Renderer</Filter>
    </ClInclude>
    <ClInclude Include="src\ChocoGL\Renderer\RendererAPI.h">
      <Filter>src\ChocoGL\Renderer</Filter>
    </ClInclude>
    <ClInclude Include="src\ChocoGL\Renderer\SceneRenderer.h">
      <Filter>src\ChocoGL\Renderer</Filter>
    </ClInclude>
    <ClInclude Include="src\ChocoGL\Renderer\Shader.h">
      <Filter>src\ChocoGL\Renderer</Filter>
    </ClInclude>
    <ClInclude Include="src\ChocoGL\Renderer\ShaderUniform.h">
      <Filter>src\ChocoGL\Renderer</Filter>
    </ClInclude>
    <ClInclude Include="src\ChocoGL\Renderer\Texture.h">
      <Filter>src\ChocoGL\Renderer</Filter>
    </ClInclude>
    <ClInclude Include="src\ChocoGL\Renderer\VertexArray.h">
      <Filter>src\ChocoGL\Renderer</Filter>
    </ClInclude>
    <ClInclude Include="src\ChocoGL\Scene\Components.h">
      <Filter>src\ChocoGL\Scene</Filter>
    </ClInclude>
    <ClInclude Include="src\ChocoGL\Scene\Entity.h">
      <Filter>src\ChocoGL\Scene</Filter>
    </ClInclude>
    <ClInclude Include="src\ChocoGL\Scene\Scene.h">
      <Filter>src\ChocoGL\Scene</Filter>
    </ClInclude>
    <ClInclude Include="src\ChocoGL\Script\ScriptEngine.h">
      <Filter>src\ChocoGL\Script</Filter>
    </ClInclude>
    <ClInclude Include="src\ChocoGL\Script\ScriptEngineRegistry.h">
      <Filter>src\ChocoGL\Script</Filter>
    </ClInclude>
    <ClInclude Include="src\ChocoGL\Script\ScriptWrappers.h">
      <Filter>src\ChocoGL\Script</Filter>
    </ClInclude>
    <ClInclude Include="src\Platform\OpenGL\OpenGLBuffer.h">
      <Filter>src\Platform\OpenGL</Filter>
    </ClInclude>
    <ClInclude Include="src\Platform\OpenGL\OpenGLContext.h">
      <Filter>src\Platform\OpenGL</Filter>
    </ClInclude>
    <ClInclude Include="src\Platform\OpenGL\OpenGLFramebuffer.h">
      <Filter>src\Platform\OpenGL</Filter>
    </ClInclude>
    <ClInclude Include="src\Platform\OpenGL\OpenGLRenderPass.h">
      <Filter>src\Platform\OpenGL</Filter>
    </ClInclude>
    <ClInclude Include="src\Platform\OpenGL\OpenGLShader.h">
      <Filter>src\Platform\OpenGL</Filter>
    </ClInclude>
    <ClInclude Include="src\Platform\OpenGL\OpenGLShaderUniform.h">
      <Filter>src\Platform\OpenGL</Filter>
    </ClInclude>
    <ClInclude Include="src\Platform\OpenGL\OpenGLTexture.h">
      <Filter>src\Platform\OpenGL</Filter>
    </ClInclude>
    <ClInclude Include="src\Platform\OpenGL\OpenGLVertexArray.h">
      <Filter>src\Platform\OpenGL</Filter>
    </ClInclude>
    <ClInclude Include="src\Platform\Windows\WindowsWindow.h">
      <Filter>src\Platform\Windows</Filter>
    </ClInclude>
    <ClInclude Include="src\clpch.h">
      <Filter>src</Filter>
    </ClInclude>
  </ItemGroup>
  <ItemGroup>
    <ClCompile Include="src\ChocoGL\Core\Application.cpp">
      <Filter>src\ChocoGL\Core</Filter>
    </ClCompile>
    <ClCompile Include="src\ChocoGL\Core\Core.cpp">
      <Filter>src\ChocoGL\Core</Filter>
    </ClCompile>
    <ClCompile Include="src\ChocoGL\Core\Layer.cpp">
      <Filter>src\ChocoGL\Core</Filter>
    </ClCompile>
    <ClCompile Include="src\ChocoGL\Core\LayerStack.cpp">
      <Filter>src\ChocoGL\Core</Filter>
    </ClCompile>
    <ClCompile Include="src\ChocoGL\Core\Log.cpp">
      <Filter>src\ChocoGL\Core</Filter>
    </ClCompile>
    <ClCompile Include="src\ChocoGL\Core\Math\Mat4.cpp">
      <Filter>src\ChocoGL\Core\Math</Filter>
    </ClCompile>
    <ClCompile Include="src\ChocoGL\Core\Math\Noise.cpp">
      <Filter>src\ChocoGL\Core\Math</Filter>
    </ClCompile>
    <ClCompile Include="src\ChocoGL\Core\Timestep.cpp">
      <Filter>src\ChocoGL\Core</Filter>
    </ClCompile>
    <ClCompile Include="src\ChocoGL\Editor\SceneHierarchyPanel.cpp">
      <Filter>src\ChocoGL\Editor</Filter>
    </ClCompile>
    <ClCompile Include="src\ChocoGL\Imgui\ImGuiBuild.cpp">
      <Filter>src\ChocoGL\Imgui</Filter>
    </ClCompile>
    <ClCompile Include="src\ChocoGL\Imgui\ImGuizmo.cpp">
      <Filter>src\ChocoGL\Imgui</Filter>
    </ClCompile>
    <ClCompile Include="src\ChocoGL\Imgui\ImguiLayer.cpp">
      <Filter>src\ChocoGL\Imgui</Filter>
    </ClCompile>
    <ClCompile Include="src\ChocoGL\Renderer\Buffer.cpp">
      <Filter>src\ChocoGL\Renderer</Filter>
    </ClCompile>
    <ClCompile Include="src\ChocoGL\Renderer\Camera.cpp">
      <Filter>src\ChocoGL\Renderer</Filter>
    </ClCompile>
    <ClCompile Include="src\ChocoGL\Renderer\Framebuffer.cpp">
      <Filter>src\ChocoGL\Renderer</Filter>
    </ClCompile>
    <ClCompile Include="src\ChocoGL\Renderer\Material.cpp">
      <Filter>src\ChocoGL\Renderer</Filter>
    </ClCompile>
    <ClCompile Include="src\ChocoGL\Renderer\Mesh.cpp">
      <Filter>src\ChocoGL\Renderer</Filter>
    </ClCompile>
    <ClCompile Include="src\ChocoGL\Renderer\RenderCommandQueue.cpp">
      <Filter>src\ChocoGL\Renderer</Filter>
    </ClCompile>
    <ClCompile Include="src\ChocoGL\Renderer\RenderPass.cpp">
      <Filter>src\ChocoGL\Renderer</Filter>
    </ClCompile>
    <ClCompile Include="src\ChocoGL\Renderer\Renderer.cpp">
      <Filter>src\ChocoGL\Renderer</Filter>
    </ClCompile>
    <ClCompile Include="src\ChocoGL\Renderer\Renderer2D.cpp">
      <Filter>src\ChocoGL\Renderer</Filter>
    </ClCompile>
    <ClCompile Include="src\ChocoGL\Renderer\SceneRenderer.cpp">
      <Filter>src\ChocoGL\Renderer</Filter>
    </ClCompile>
    <ClCompile Include="src\ChocoGL\Renderer\Shader.cpp">
      <Filter>src\ChocoGL\Renderer</Filter>
    </ClCompile>
    <ClCompile Include="src\ChocoGL\Renderer\Texture.cpp">
      <Filter>src\ChocoGL\Renderer</Filter>
    </ClCompile>
    <ClCompile Include="src\ChocoGL\Renderer\VertexArray.cpp">
      <Filter>src\ChocoGL\Renderer</Filter>
    </ClCompile>
    <ClCompile Include="src\ChocoGL\Scene\Entity.cpp">
      <Filter>src\ChocoGL\Scene</Filter>
    </ClCompile>
    <ClCompile Include="src\ChocoGL\Scene\Scene.cpp">
      <Filter>src\ChocoGL\Scene</Filter>
    </ClCompile>
    <ClCompile Include="src\ChocoGL\Script\ScriptEngine.cpp">
      <Filter>src\ChocoGL\Script</Filter>
    </ClCompile>
    <ClCompile Include="src\ChocoGL\Script\ScriptEngineRegistry.cpp">
      <Filter>src\ChocoGL\Script</Filter>
    </ClCompile>
    <ClCompile Include="src\ChocoGL\Script\ScriptWrappers.cpp">
      <Filter>src\ChocoGL\Script</Filter>
    </ClCompile>
    <ClCompile Include="src\ChocoGL\Vendor\stb_image.cpp.cpp">
      <Filter>src\ChocoGL\Vendor</Filter>
    </ClCompile>
    <ClCompile Include="src\Platform\OpenGL\OpenGLBuffer.cpp">
      <Filter>src\Platform\OpenGL</Filter>
    </ClCompile>
    <ClCompile Include="src\Platform\OpenGL\OpenGLContext.cpp">
      <Filter>src\Platform\OpenGL</Filter>
    </ClCompile>
    <ClCompile Include="src\Platform\OpenGL\OpenGLFramebuffer.cpp">
      <Filter>src\Platform\OpenGL</Filter>
    </ClCompile>
    <ClCompile Include="src\Platform\OpenGL\OpenGLRenderPass.cpp">
      <Filter>src\Platform\OpenGL</Filter>
    </ClCompile>
    <ClCompile Include="src\Platform\OpenGL\OpenGLRendererAPI.cpp">
      <Filter>src\Platform\OpenGL</Filter>
    </ClCompile>
    <ClCompile Include="src\Platform\OpenGL\OpenGLShader.cpp">
      <Filter>src\Platform\OpenGL</Filter>
    </ClCompile>
    <ClCompile Include="src\Platform\OpenGL\OpenGLShaderUniform.cpp">
      <Filter>src\Platform\OpenGL</Filter>
    </ClCompile>
    <ClCompile Include="src\Platform\OpenGL\OpenGLTexture.cpp">
      <Filter>src\Platform\OpenGL</Filter>
    </ClCompile>
    <ClCompile Include="src\Platform\OpenGL\OpenGLVertexArray.cpp">
      <Filter>src\Platform\OpenGL</Filter>
    </ClCompile>
    <ClCompile Include="src\Platform\Windows\WindowsInput.cpp">
      <Filter>src\Platform\Windows</Filter>
    </ClCompile>
    <ClCompile Include="src\Platform\Windows\WindowsWindow.cpp">
      <Filter>src\Platform\Windows</Filter>
    </ClCompile>
    <ClCompile Include="src\clpch.cpp">
      <Filter>src</Filter>
    </ClCompile>
    <ClCompile Include="vendor\FastNoise\FastNoise.cpp">
      <Filter>vendor\FastNoise</Filter>
    </ClCompile>
  </ItemGroup>
</Project>